// !$*UTF8*$!
{
	archiveVersion = 1;
	classes = {
	};
	objectVersion = 55;
	objects = {

/* Begin PBXBuildFile section */
		D69C5E6B28D50F7E00AB81E1 /* AppDelegate.swift in Sources */ = {isa = PBXBuildFile; fileRef = D69C5E6A28D50F7E00AB81E1 /* AppDelegate.swift */; };
		D69C5E6D28D50F7E00AB81E1 /* SceneDelegate.swift in Sources */ = {isa = PBXBuildFile; fileRef = D69C5E6C28D50F7E00AB81E1 /* SceneDelegate.swift */; };
		D69C5E6F28D50F7E00AB81E1 /* ViewController.swift in Sources */ = {isa = PBXBuildFile; fileRef = D69C5E6E28D50F7E00AB81E1 /* ViewController.swift */; };
		D69C5E7228D50F7E00AB81E1 /* Main.storyboard in Resources */ = {isa = PBXBuildFile; fileRef = D69C5E7028D50F7E00AB81E1 /* Main.storyboard */; };
		D69C5E7428D50F7F00AB81E1 /* Assets.xcassets in Resources */ = {isa = PBXBuildFile; fileRef = D69C5E7328D50F7F00AB81E1 /* Assets.xcassets */; };
		D69C5E7728D50F7F00AB81E1 /* LaunchScreen.storyboard in Resources */ = {isa = PBXBuildFile; fileRef = D69C5E7528D50F7F00AB81E1 /* LaunchScreen.storyboard */; };
		D69C5E8228D50F8000AB81E1 /* flixsterTests.swift in Sources */ = {isa = PBXBuildFile; fileRef = D69C5E8128D50F8000AB81E1 /* flixsterTests.swift */; };
		D69C5E8C28D50F8000AB81E1 /* flixsterUITests.swift in Sources */ = {isa = PBXBuildFile; fileRef = D69C5E8B28D50F8000AB81E1 /* flixsterUITests.swift */; };
		D69C5E8E28D50F8000AB81E1 /* flixsterUITestsLaunchTests.swift in Sources */ = {isa = PBXBuildFile; fileRef = D69C5E8D28D50F8000AB81E1 /* flixsterUITestsLaunchTests.swift */; };
		D69C5E9D28D54E2000AB81E1 /* MovieCell.swift in Sources */ = {isa = PBXBuildFile; fileRef = D69C5E9C28D54E2000AB81E1 /* MovieCell.swift */; };
		D69C5EA028D5573300AB81E1 /* AlamofireImage in Frameworks */ = {isa = PBXBuildFile; productRef = D69C5E9F28D5573300AB81E1 /* AlamofireImage */; };
/* End PBXBuildFile section */

/* Begin PBXContainerItemProxy section */
		D69C5E7E28D50F8000AB81E1 /* PBXContainerItemProxy */ = {
			isa = PBXContainerItemProxy;
			containerPortal = D69C5E5F28D50F7E00AB81E1 /* Project object */;
			proxyType = 1;
			remoteGlobalIDString = D69C5E6628D50F7E00AB81E1;
			remoteInfo = flixster;
		};
		D69C5E8828D50F8000AB81E1 /* PBXContainerItemProxy */ = {
			isa = PBXContainerItemProxy;
			containerPortal = D69C5E5F28D50F7E00AB81E1 /* Project object */;
			proxyType = 1;
			remoteGlobalIDString = D69C5E6628D50F7E00AB81E1;
			remoteInfo = flixster;
		};
/* End PBXContainerItemProxy section */

/* Begin PBXFileReference section */
		D69C5E6728D50F7E00AB81E1 /* flixster.app */ = {isa = PBXFileReference; explicitFileType = wrapper.application; includeInIndex = 0; path = flixster.app; sourceTree = BUILT_PRODUCTS_DIR; };
		D69C5E6A28D50F7E00AB81E1 /* AppDelegate.swift */ = {isa = PBXFileReference; lastKnownFileType = sourcecode.swift; path = AppDelegate.swift; sourceTree = "<group>"; };
		D69C5E6C28D50F7E00AB81E1 /* SceneDelegate.swift */ = {isa = PBXFileReference; lastKnownFileType = sourcecode.swift; path = SceneDelegate.swift; sourceTree = "<group>"; };
		D69C5E6E28D50F7E00AB81E1 /* ViewController.swift */ = {isa = PBXFileReference; lastKnownFileType = sourcecode.swift; path = ViewController.swift; sourceTree = "<group>"; };
		D69C5E7128D50F7E00AB81E1 /* Base */ = {isa = PBXFileReference; lastKnownFileType = file.storyboard; name = Base; path = Base.lproj/Main.storyboard; sourceTree = "<group>"; };
		D69C5E7328D50F7F00AB81E1 /* Assets.xcassets */ = {isa = PBXFileReference; lastKnownFileType = folder.assetcatalog; path = Assets.xcassets; sourceTree = "<group>"; };
		D69C5E7628D50F7F00AB81E1 /* Base */ = {isa = PBXFileReference; lastKnownFileType = file.storyboard; name = Base; path = Base.lproj/LaunchScreen.storyboard; sourceTree = "<group>"; };
		D69C5E7828D50F7F00AB81E1 /* Info.plist */ = {isa = PBXFileReference; lastKnownFileType = text.plist.xml; path = Info.plist; sourceTree = "<group>"; };
		D69C5E7D28D50F8000AB81E1 /* flixsterTests.xctest */ = {isa = PBXFileReference; explicitFileType = wrapper.cfbundle; includeInIndex = 0; path = flixsterTests.xctest; sourceTree = BUILT_PRODUCTS_DIR; };
		D69C5E8128D50F8000AB81E1 /* flixsterTests.swift */ = {isa = PBXFileReference; lastKnownFileType = sourcecode.swift; path = flixsterTests.swift; sourceTree = "<group>"; };
		D69C5E8728D50F8000AB81E1 /* flixsterUITests.xctest */ = {isa = PBXFileReference; explicitFileType = wrapper.cfbundle; includeInIndex = 0; path = flixsterUITests.xctest; sourceTree = BUILT_PRODUCTS_DIR; };
		D69C5E8B28D50F8000AB81E1 /* flixsterUITests.swift */ = {isa = PBXFileReference; lastKnownFileType = sourcecode.swift; path = flixsterUITests.swift; sourceTree = "<group>"; };
		D69C5E8D28D50F8000AB81E1 /* flixsterUITestsLaunchTests.swift */ = {isa = PBXFileReference; lastKnownFileType = sourcecode.swift; path = flixsterUITestsLaunchTests.swift; sourceTree = "<group>"; };
		D69C5E9C28D54E2000AB81E1 /* MovieCell.swift */ = {isa = PBXFileReference; lastKnownFileType = sourcecode.swift; path = MovieCell.swift; sourceTree = "<group>"; };
/* End PBXFileReference section */

/* Begin PBXFrameworksBuildPhase section */
		D69C5E6428D50F7E00AB81E1 /* Frameworks */ = {
			isa = PBXFrameworksBuildPhase;
			buildActionMask = 2147483647;
			files = (
				D69C5EA028D5573300AB81E1 /* AlamofireImage in Frameworks */,
			);
			runOnlyForDeploymentPostprocessing = 0;
		};
		D69C5E7A28D50F8000AB81E1 /* Frameworks */ = {
			isa = PBXFrameworksBuildPhase;
			buildActionMask = 2147483647;
			files = (
			);
			runOnlyForDeploymentPostprocessing = 0;
		};
		D69C5E8428D50F8000AB81E1 /* Frameworks */ = {
			isa = PBXFrameworksBuildPhase;
			buildActionMask = 2147483647;
			files = (
			);
			runOnlyForDeploymentPostprocessing = 0;
		};
/* End PBXFrameworksBuildPhase section */

/* Begin PBXGroup section */
		D69C5E5E28D50F7E00AB81E1 = {
			isa = PBXGroup;
			children = (
				D69C5E6928D50F7E00AB81E1 /* flixster */,
				D69C5E8028D50F8000AB81E1 /* flixsterTests */,
				D69C5E8A28D50F8000AB81E1 /* flixsterUITests */,
				D69C5E6828D50F7E00AB81E1 /* Products */,
			);
			sourceTree = "<group>";
		};
		D69C5E6828D50F7E00AB81E1 /* Products */ = {
			isa = PBXGroup;
			children = (
				D69C5E6728D50F7E00AB81E1 /* flixster.app */,
				D69C5E7D28D50F8000AB81E1 /* flixsterTests.xctest */,
				D69C5E8728D50F8000AB81E1 /* flixsterUITests.xctest */,
			);
			name = Products;
			sourceTree = "<group>";
		};
		D69C5E6928D50F7E00AB81E1 /* flixster */ = {
			isa = PBXGroup;
			children = (
				D69C5E6A28D50F7E00AB81E1 /* AppDelegate.swift */,
				D69C5E6C28D50F7E00AB81E1 /* SceneDelegate.swift */,
				D69C5E6E28D50F7E00AB81E1 /* ViewController.swift */,
				D69C5E7028D50F7E00AB81E1 /* Main.storyboard */,
				D69C5E9C28D54E2000AB81E1 /* MovieCell.swift */,
				D69C5E7328D50F7F00AB81E1 /* Assets.xcassets */,
				D69C5E7528D50F7F00AB81E1 /* LaunchScreen.storyboard */,
				D69C5E7828D50F7F00AB81E1 /* Info.plist */,
			);
			path = flixster;
			sourceTree = "<group>";
		};
		D69C5E8028D50F8000AB81E1 /* flixsterTests */ = {
			isa = PBXGroup;
			children = (
				D69C5E8128D50F8000AB81E1 /* flixsterTests.swift */,
			);
			path = flixsterTests;
			sourceTree = "<group>";
		};
		D69C5E8A28D50F8000AB81E1 /* flixsterUITests */ = {
			isa = PBXGroup;
			children = (
				D69C5E8B28D50F8000AB81E1 /* flixsterUITests.swift */,
				D69C5E8D28D50F8000AB81E1 /* flixsterUITestsLaunchTests.swift */,
			);
			path = flixsterUITests;
			sourceTree = "<group>";
		};
/* End PBXGroup section */

/* Begin PBXNativeTarget section */
		D69C5E6628D50F7E00AB81E1 /* flixster */ = {
			isa = PBXNativeTarget;
			buildConfigurationList = D69C5E9128D50F8000AB81E1 /* Build configuration list for PBXNativeTarget "flixster" */;
			buildPhases = (
				D69C5E6328D50F7E00AB81E1 /* Sources */,
				D69C5E6428D50F7E00AB81E1 /* Frameworks */,
				D69C5E6528D50F7E00AB81E1 /* Resources */,
			);
			buildRules = (
			);
			dependencies = (
			);
			name = flixster;
			packageProductDependencies = (
				D69C5E9F28D5573300AB81E1 /* AlamofireImage */,
			);
			productName = flixster;
			productReference = D69C5E6728D50F7E00AB81E1 /* flixster.app */;
			productType = "com.apple.product-type.application";
		};
		D69C5E7C28D50F8000AB81E1 /* flixsterTests */ = {
			isa = PBXNativeTarget;
			buildConfigurationList = D69C5E9428D50F8000AB81E1 /* Build configuration list for PBXNativeTarget "flixsterTests" */;
			buildPhases = (
				D69C5E7928D50F8000AB81E1 /* Sources */,
				D69C5E7A28D50F8000AB81E1 /* Frameworks */,
				D69C5E7B28D50F8000AB81E1 /* Resources */,
			);
			buildRules = (
			);
			dependencies = (
				D69C5E7F28D50F8000AB81E1 /* PBXTargetDependency */,
			);
			name = flixsterTests;
			productName = flixsterTests;
			productReference = D69C5E7D28D50F8000AB81E1 /* flixsterTests.xctest */;
			productType = "com.apple.product-type.bundle.unit-test";
		};
		D69C5E8628D50F8000AB81E1 /* flixsterUITests */ = {
			isa = PBXNativeTarget;
			buildConfigurationList = D69C5E9728D50F8000AB81E1 /* Build configuration list for PBXNativeTarget "flixsterUITests" */;
			buildPhases = (
				D69C5E8328D50F8000AB81E1 /* Sources */,
				D69C5E8428D50F8000AB81E1 /* Frameworks */,
				D69C5E8528D50F8000AB81E1 /* Resources */,
			);
			buildRules = (
			);
			dependencies = (
				D69C5E8928D50F8000AB81E1 /* PBXTargetDependency */,
			);
			name = flixsterUITests;
			productName = flixsterUITests;
			productReference = D69C5E8728D50F8000AB81E1 /* flixsterUITests.xctest */;
			productType = "com.apple.product-type.bundle.ui-testing";
		};
/* End PBXNativeTarget section */

/* Begin PBXProject section */
		D69C5E5F28D50F7E00AB81E1 /* Project object */ = {
			isa = PBXProject;
			attributes = {
				BuildIndependentTargetsInParallel = 1;
				LastSwiftUpdateCheck = 1340;
				LastUpgradeCheck = 1340;
				TargetAttributes = {
					D69C5E6628D50F7E00AB81E1 = {
						CreatedOnToolsVersion = 13.4;
					};
					D69C5E7C28D50F8000AB81E1 = {
						CreatedOnToolsVersion = 13.4;
						TestTargetID = D69C5E6628D50F7E00AB81E1;
					};
					D69C5E8628D50F8000AB81E1 = {
						CreatedOnToolsVersion = 13.4;
						TestTargetID = D69C5E6628D50F7E00AB81E1;
					};
				};
			};
			buildConfigurationList = D69C5E6228D50F7E00AB81E1 /* Build configuration list for PBXProject "flixster" */;
			compatibilityVersion = "Xcode 13.0";
			developmentRegion = en;
			hasScannedForEncodings = 0;
			knownRegions = (
				en,
				Base,
			);
			mainGroup = D69C5E5E28D50F7E00AB81E1;
			packageReferences = (
				D69C5E9E28D5573300AB81E1 /* XCRemoteSwiftPackageReference "AlamofireImage" */,
			);
			productRefGroup = D69C5E6828D50F7E00AB81E1 /* Products */;
			projectDirPath = "";
			projectRoot = "";
			targets = (
				D69C5E6628D50F7E00AB81E1 /* flixster */,
				D69C5E7C28D50F8000AB81E1 /* flixsterTests */,
				D69C5E8628D50F8000AB81E1 /* flixsterUITests */,
			);
		};
/* End PBXProject section */

/* Begin PBXResourcesBuildPhase section */
		D69C5E6528D50F7E00AB81E1 /* Resources */ = {
			isa = PBXResourcesBuildPhase;
			buildActionMask = 2147483647;
			files = (
				D69C5E7728D50F7F00AB81E1 /* LaunchScreen.storyboard in Resources */,
				D69C5E7428D50F7F00AB81E1 /* Assets.xcassets in Resources */,
				D69C5E7228D50F7E00AB81E1 /* Main.storyboard in Resources */,
			);
			runOnlyForDeploymentPostprocessing = 0;
		};
		D69C5E7B28D50F8000AB81E1 /* Resources */ = {
			isa = PBXResourcesBuildPhase;
			buildActionMask = 2147483647;
			files = (
			);
			runOnlyForDeploymentPostprocessing = 0;
		};
		D69C5E8528D50F8000AB81E1 /* Resources */ = {
			isa = PBXResourcesBuildPhase;
			buildActionMask = 2147483647;
			files = (
			);
			runOnlyForDeploymentPostprocessing = 0;
		};
/* End PBXResourcesBuildPhase section */

/* Begin PBXSourcesBuildPhase section */
		D69C5E6328D50F7E00AB81E1 /* Sources */ = {
			isa = PBXSourcesBuildPhase;
			buildActionMask = 2147483647;
			files = (
				D69C5E6F28D50F7E00AB81E1 /* ViewController.swift in Sources */,
				D69C5E6B28D50F7E00AB81E1 /* AppDelegate.swift in Sources */,
				D69C5E9D28D54E2000AB81E1 /* MovieCell.swift in Sources */,
				D69C5E6D28D50F7E00AB81E1 /* SceneDelegate.swift in Sources */,
			);
			runOnlyForDeploymentPostprocessing = 0;
		};
		D69C5E7928D50F8000AB81E1 /* Sources */ = {
			isa = PBXSourcesBuildPhase;
			buildActionMask = 2147483647;
			files = (
				D69C5E8228D50F8000AB81E1 /* flixsterTests.swift in Sources */,
			);
			runOnlyForDeploymentPostprocessing = 0;
		};
		D69C5E8328D50F8000AB81E1 /* Sources */ = {
			isa = PBXSourcesBuildPhase;
			buildActionMask = 2147483647;
			files = (
				D69C5E8E28D50F8000AB81E1 /* flixsterUITestsLaunchTests.swift in Sources */,
				D69C5E8C28D50F8000AB81E1 /* flixsterUITests.swift in Sources */,
			);
			runOnlyForDeploymentPostprocessing = 0;
		};
/* End PBXSourcesBuildPhase section */

/* Begin PBXTargetDependency section */
		D69C5E7F28D50F8000AB81E1 /* PBXTargetDependency */ = {
			isa = PBXTargetDependency;
			target = D69C5E6628D50F7E00AB81E1 /* flixster */;
			targetProxy = D69C5E7E28D50F8000AB81E1 /* PBXContainerItemProxy */;
		};
		D69C5E8928D50F8000AB81E1 /* PBXTargetDependency */ = {
			isa = PBXTargetDependency;
			target = D69C5E6628D50F7E00AB81E1 /* flixster */;
			targetProxy = D69C5E8828D50F8000AB81E1 /* PBXContainerItemProxy */;
		};
/* End PBXTargetDependency section */

/* Begin PBXVariantGroup section */
		D69C5E7028D50F7E00AB81E1 /* Main.storyboard */ = {
			isa = PBXVariantGroup;
			children = (
				D69C5E7128D50F7E00AB81E1 /* Base */,
			);
			name = Main.storyboard;
			sourceTree = "<group>";
		};
		D69C5E7528D50F7F00AB81E1 /* LaunchScreen.storyboard */ = {
			isa = PBXVariantGroup;
			children = (
				D69C5E7628D50F7F00AB81E1 /* Base */,
			);
			name = LaunchScreen.storyboard;
			sourceTree = "<group>";
		};
/* End PBXVariantGroup section */

/* Begin XCBuildConfiguration section */
		D69C5E8F28D50F8000AB81E1 /* Debug */ = {
			isa = XCBuildConfiguration;
			buildSettings = {
				ALWAYS_SEARCH_USER_PATHS = NO;
				CLANG_ANALYZER_NONNULL = YES;
				CLANG_ANALYZER_NUMBER_OBJECT_CONVERSION = YES_AGGRESSIVE;
				CLANG_CXX_LANGUAGE_STANDARD = "gnu++17";
				CLANG_ENABLE_MODULES = YES;
				CLANG_ENABLE_OBJC_ARC = YES;
				CLANG_ENABLE_OBJC_WEAK = YES;
				CLANG_WARN_BLOCK_CAPTURE_AUTORELEASING = YES;
				CLANG_WARN_BOOL_CONVERSION = YES;
				CLANG_WARN_COMMA = YES;
				CLANG_WARN_CONSTANT_CONVERSION = YES;
				CLANG_WARN_DEPRECATED_OBJC_IMPLEMENTATIONS = YES;
				CLANG_WARN_DIRECT_OBJC_ISA_USAGE = YES_ERROR;
				CLANG_WARN_DOCUMENTATION_COMMENTS = YES;
				CLANG_WARN_EMPTY_BODY = YES;
				CLANG_WARN_ENUM_CONVERSION = YES;
				CLANG_WARN_INFINITE_RECURSION = YES;
				CLANG_WARN_INT_CONVERSION = YES;
				CLANG_WARN_NON_LITERAL_NULL_CONVERSION = YES;
				CLANG_WARN_OBJC_IMPLICIT_RETAIN_SELF = YES;
				CLANG_WARN_OBJC_LITERAL_CONVERSION = YES;
				CLANG_WARN_OBJC_ROOT_CLASS = YES_ERROR;
				CLANG_WARN_QUOTED_INCLUDE_IN_FRAMEWORK_HEADER = YES;
				CLANG_WARN_RANGE_LOOP_ANALYSIS = YES;
				CLANG_WARN_STRICT_PROTOTYPES = YES;
				CLANG_WARN_SUSPICIOUS_MOVE = YES;
				CLANG_WARN_UNGUARDED_AVAILABILITY = YES_AGGRESSIVE;
				CLANG_WARN_UNREACHABLE_CODE = YES;
				CLANG_WARN__DUPLICATE_METHOD_MATCH = YES;
				COPY_PHASE_STRIP = NO;
				DEBUG_INFORMATION_FORMAT = dwarf;
				ENABLE_STRICT_OBJC_MSGSEND = YES;
				ENABLE_TESTABILITY = YES;
				GCC_C_LANGUAGE_STANDARD = gnu11;
				GCC_DYNAMIC_NO_PIC = NO;
				GCC_NO_COMMON_BLOCKS = YES;
				GCC_OPTIMIZATION_LEVEL = 0;
				GCC_PREPROCESSOR_DEFINITIONS = (
					"DEBUG=1",
					"$(inherited)",
				);
				GCC_WARN_64_TO_32_BIT_CONVERSION = YES;
				GCC_WARN_ABOUT_RETURN_TYPE = YES_ERROR;
				GCC_WARN_UNDECLARED_SELECTOR = YES;
				GCC_WARN_UNINITIALIZED_AUTOS = YES_AGGRESSIVE;
				GCC_WARN_UNUSED_FUNCTION = YES;
				GCC_WARN_UNUSED_VARIABLE = YES;
				IPHONEOS_DEPLOYMENT_TARGET = 15.5;
				MTL_ENABLE_DEBUG_INFO = INCLUDE_SOURCE;
				MTL_FAST_MATH = YES;
				ONLY_ACTIVE_ARCH = YES;
				SDKROOT = iphoneos;
				SWIFT_ACTIVE_COMPILATION_CONDITIONS = DEBUG;
				SWIFT_OPTIMIZATION_LEVEL = "-Onone";
			};
			name = Debug;
		};
		D69C5E9028D50F8000AB81E1 /* Release */ = {
			isa = XCBuildConfiguration;
			buildSettings = {
				ALWAYS_SEARCH_USER_PATHS = NO;
				CLANG_ANALYZER_NONNULL = YES;
				CLANG_ANALYZER_NUMBER_OBJECT_CONVERSION = YES_AGGRESSIVE;
				CLANG_CXX_LANGUAGE_STANDARD = "gnu++17";
				CLANG_ENABLE_MODULES = YES;
				CLANG_ENABLE_OBJC_ARC = YES;
				CLANG_ENABLE_OBJC_WEAK = YES;
				CLANG_WARN_BLOCK_CAPTURE_AUTORELEASING = YES;
				CLANG_WARN_BOOL_CONVERSION = YES;
				CLANG_WARN_COMMA = YES;
				CLANG_WARN_CONSTANT_CONVERSION = YES;
				CLANG_WARN_DEPRECATED_OBJC_IMPLEMENTATIONS = YES;
				CLANG_WARN_DIRECT_OBJC_ISA_USAGE = YES_ERROR;
				CLANG_WARN_DOCUMENTATION_COMMENTS = YES;
				CLANG_WARN_EMPTY_BODY = YES;
				CLANG_WARN_ENUM_CONVERSION = YES;
				CLANG_WARN_INFINITE_RECURSION = YES;
				CLANG_WARN_INT_CONVERSION = YES;
				CLANG_WARN_NON_LITERAL_NULL_CONVERSION = YES;
				CLANG_WARN_OBJC_IMPLICIT_RETAIN_SELF = YES;
				CLANG_WARN_OBJC_LITERAL_CONVERSION = YES;
				CLANG_WARN_OBJC_ROOT_CLASS = YES_ERROR;
				CLANG_WARN_QUOTED_INCLUDE_IN_FRAMEWORK_HEADER = YES;
				CLANG_WARN_RANGE_LOOP_ANALYSIS = YES;
				CLANG_WARN_STRICT_PROTOTYPES = YES;
				CLANG_WARN_SUSPICIOUS_MOVE = YES;
				CLANG_WARN_UNGUARDED_AVAILABILITY = YES_AGGRESSIVE;
				CLANG_WARN_UNREACHABLE_CODE = YES;
				CLANG_WARN__DUPLICATE_METHOD_MATCH = YES;
				COPY_PHASE_STRIP = NO;
				DEBUG_INFORMATION_FORMAT = "dwarf-with-dsym";
				ENABLE_NS_ASSERTIONS = NO;
				ENABLE_STRICT_OBJC_MSGSEND = YES;
				GCC_C_LANGUAGE_STANDARD = gnu11;
				GCC_NO_COMMON_BLOCKS = YES;
				GCC_WARN_64_TO_32_BIT_CONVERSION = YES;
				GCC_WARN_ABOUT_RETURN_TYPE = YES_ERROR;
				GCC_WARN_UNDECLARED_SELECTOR = YES;
				GCC_WARN_UNINITIALIZED_AUTOS = YES_AGGRESSIVE;
				GCC_WARN_UNUSED_FUNCTION = YES;
				GCC_WARN_UNUSED_VARIABLE = YES;
				IPHONEOS_DEPLOYMENT_TARGET = 15.5;
				MTL_ENABLE_DEBUG_INFO = NO;
				MTL_FAST_MATH = YES;
				SDKROOT = iphoneos;
				SWIFT_COMPILATION_MODE = wholemodule;
				SWIFT_OPTIMIZATION_LEVEL = "-O";
				VALIDATE_PRODUCT = YES;
			};
			name = Release;
		};
		D69C5E9228D50F8000AB81E1 /* Debug */ = {
			isa = XCBuildConfiguration;
			buildSettings = {
				ASSETCATALOG_COMPILER_APPICON_NAME = AppIcon;
				ASSETCATALOG_COMPILER_GLOBAL_ACCENT_COLOR_NAME = AccentColor;
				CODE_SIGN_STYLE = Automatic;
				CURRENT_PROJECT_VERSION = 1;
				DEVELOPMENT_TEAM = W6H9D5YLP7;
				GENERATE_INFOPLIST_FILE = YES;
				INFOPLIST_FILE = flixster/Info.plist;
				INFOPLIST_KEY_UIApplicationSupportsIndirectInputEvents = YES;
				INFOPLIST_KEY_UILaunchStoryboardName = LaunchScreen;
				INFOPLIST_KEY_UIMainStoryboardFile = Main;
				INFOPLIST_KEY_UISupportedInterfaceOrientations_iPad = "UIInterfaceOrientationPortrait UIInterfaceOrientationPortraitUpsideDown UIInterfaceOrientationLandscapeLeft UIInterfaceOrientationLandscapeRight";
				INFOPLIST_KEY_UISupportedInterfaceOrientations_iPhone = "UIInterfaceOrientationPortrait UIInterfaceOrientationLandscapeLeft UIInterfaceOrientationLandscapeRight";
				LD_RUNPATH_SEARCH_PATHS = (
					"$(inherited)",
					"@executable_path/Frameworks",
				);
				MARKETING_VERSION = 1.0;
				PRODUCT_BUNDLE_IDENTIFIER = com.Deaz.flixster;
				PRODUCT_NAME = "$(TARGET_NAME)";
				SWIFT_EMIT_LOC_STRINGS = YES;
				SWIFT_VERSION = 5.0;
				TARGETED_DEVICE_FAMILY = "1,2";
			};
			name = Debug;
		};
		D69C5E9328D50F8000AB81E1 /* Release */ = {
			isa = XCBuildConfiguration;
			buildSettings = {
				ASSETCATALOG_COMPILER_APPICON_NAME = AppIcon;
				ASSETCATALOG_COMPILER_GLOBAL_ACCENT_COLOR_NAME = AccentColor;
				CODE_SIGN_STYLE = Automatic;
				CURRENT_PROJECT_VERSION = 1;
				DEVELOPMENT_TEAM = W6H9D5YLP7;
				GENERATE_INFOPLIST_FILE = YES;
				INFOPLIST_FILE = flixster/Info.plist;
				INFOPLIST_KEY_UIApplicationSupportsIndirectInputEvents = YES;
				INFOPLIST_KEY_UILaunchStoryboardName = LaunchScreen;
				INFOPLIST_KEY_UIMainStoryboardFile = Main;
				INFOPLIST_KEY_UISupportedInterfaceOrientations_iPad = "UIInterfaceOrientationPortrait UIInterfaceOrientationPortraitUpsideDown UIInterfaceOrientationLandscapeLeft UIInterfaceOrientationLandscapeRight";
				INFOPLIST_KEY_UISupportedInterfaceOrientations_iPhone = "UIInterfaceOrientationPortrait UIInterfaceOrientationLandscapeLeft UIInterfaceOrientationLandscapeRight";
				LD_RUNPATH_SEARCH_PATHS = (
					"$(inherited)",
					"@executable_path/Frameworks",
				);
				MARKETING_VERSION = 1.0;
				PRODUCT_BUNDLE_IDENTIFIER = com.Deaz.flixster;
				PRODUCT_NAME = "$(TARGET_NAME)";
				SWIFT_EMIT_LOC_STRINGS = YES;
				SWIFT_VERSION = 5.0;
				TARGETED_DEVICE_FAMILY = "1,2";
			};
			name = Release;
		};
		D69C5E9528D50F8000AB81E1 /* Debug */ = {
			isa = XCBuildConfiguration;
			buildSettings = {
				ALWAYS_EMBED_SWIFT_STANDARD_LIBRARIES = YES;
				BUNDLE_LOADER = "$(TEST_HOST)";
				CODE_SIGN_STYLE = Automatic;
				CURRENT_PROJECT_VERSION = 1;
				DEVELOPMENT_TEAM = W6H9D5YLP7;
				GENERATE_INFOPLIST_FILE = YES;
				IPHONEOS_DEPLOYMENT_TARGET = 15.5;
				MARKETING_VERSION = 1.0;
				PRODUCT_BUNDLE_IDENTIFIER = com.Deaz.flixsterTests;
				PRODUCT_NAME = "$(TARGET_NAME)";
				SWIFT_EMIT_LOC_STRINGS = NO;
				SWIFT_VERSION = 5.0;
				TARGETED_DEVICE_FAMILY = "1,2";
				TEST_HOST = "$(BUILT_PRODUCTS_DIR)/flixster.app/flixster";
			};
			name = Debug;
		};
		D69C5E9628D50F8000AB81E1 /* Release */ = {
			isa = XCBuildConfiguration;
			buildSettings = {
				ALWAYS_EMBED_SWIFT_STANDARD_LIBRARIES = YES;
				BUNDLE_LOADER = "$(TEST_HOST)";
				CODE_SIGN_STYLE = Automatic;
				CURRENT_PROJECT_VERSION = 1;
				DEVELOPMENT_TEAM = W6H9D5YLP7;
				GENERATE_INFOPLIST_FILE = YES;
				IPHONEOS_DEPLOYMENT_TARGET = 15.5;
				MARKETING_VERSION = 1.0;
				PRODUCT_BUNDLE_IDENTIFIER = com.Deaz.flixsterTests;
				PRODUCT_NAME = "$(TARGET_NAME)";
				SWIFT_EMIT_LOC_STRINGS = NO;
				SWIFT_VERSION = 5.0;
				TARGETED_DEVICE_FAMILY = "1,2";
				TEST_HOST = "$(BUILT_PRODUCTS_DIR)/flixster.app/flixster";
			};
			name = Release;
		};
		D69C5E9828D50F8000AB81E1 /* Debug */ = {
			isa = XCBuildConfiguration;
			buildSettings = {
				ALWAYS_EMBED_SWIFT_STANDARD_LIBRARIES = YES;
				CODE_SIGN_STYLE = Automatic;
				CURRENT_PROJECT_VERSION = 1;
				DEVELOPMENT_TEAM = W6H9D5YLP7;
				GENERATE_INFOPLIST_FILE = YES;
				MARKETING_VERSION = 1.0;
				PRODUCT_BUNDLE_IDENTIFIER = com.Deaz.flixsterUITests;
				PRODUCT_NAME = "$(TARGET_NAME)";
				SWIFT_EMIT_LOC_STRINGS = NO;
				SWIFT_VERSION = 5.0;
				TARGETED_DEVICE_FAMILY = "1,2";
				TEST_TARGET_NAME = flixster;
			};
			name = Debug;
		};
		D69C5E9928D50F8000AB81E1 /* Release */ = {
			isa = XCBuildConfiguration;
			buildSettings = {
				ALWAYS_EMBED_SWIFT_STANDARD_LIBRARIES = YES;
				CODE_SIGN_STYLE = Automatic;
				CURRENT_PROJECT_VERSION = 1;
				DEVELOPMENT_TEAM = W6H9D5YLP7;
				GENERATE_INFOPLIST_FILE = YES;
				MARKETING_VERSION = 1.0;
				PRODUCT_BUNDLE_IDENTIFIER = com.Deaz.flixsterUITests;
				PRODUCT_NAME = "$(TARGET_NAME)";
				SWIFT_EMIT_LOC_STRINGS = NO;
				SWIFT_VERSION = 5.0;
				TARGETED_DEVICE_FAMILY = "1,2";
				TEST_TARGET_NAME = flixster;
			};
			name = Release;
		};
/* End XCBuildConfiguration section */

/* Begin XCConfigurationList section */
		D69C5E6228D50F7E00AB81E1 /* Build configuration list for PBXProject "flixster" */ = {
			isa = XCConfigurationList;
			buildConfigurations = (
				D69C5E8F28D50F8000AB81E1 /* Debug */,
				D69C5E9028D50F8000AB81E1 /* Release */,
			);
			defaultConfigurationIsVisible = 0;
			defaultConfigurationName = Release;
		};
		D69C5E9128D50F8000AB81E1 /* Build configuration list for PBXNativeTarget "flixster" */ = {
			isa = XCConfigurationList;
			buildConfigurations = (
				D69C5E9228D50F8000AB81E1 /* Debug */,
				D69C5E9328D50F8000AB81E1 /* Release */,
			);
			defaultConfigurationIsVisible = 0;
			defaultConfigurationName = Release;
		};
		D69C5E9428D50F8000AB81E1 /* Build configuration list for PBXNativeTarget "flixsterTests" */ = {
			isa = XCConfigurationList;
			buildConfigurations = (
				D69C5E9528D50F8000AB81E1 /* Debug */,
				D69C5E9628D50F8000AB81E1 /* Release */,
			);
			defaultConfigurationIsVisible = 0;
			defaultConfigurationName = Release;
		};
		D69C5E9728D50F8000AB81E1 /* Build configuration list for PBXNativeTarget "flixsterUITests" */ = {
			isa = XCConfigurationList;
			buildConfigurations = (
				D69C5E9828D50F8000AB81E1 /* Debug */,
				D69C5E9928D50F8000AB81E1 /* Release */,
			);
			defaultConfigurationIsVisible = 0;
			defaultConfigurationName = Release;
		};
/* End XCConfigurationList section */

/* Begin XCRemoteSwiftPackageReference section */
		D69C5E9E28D5573300AB81E1 /* XCRemoteSwiftPackageReference "AlamofireImage" */ = {
			isa = XCRemoteSwiftPackageReference;
			repositoryURL = "https://github.com/Alamofire/AlamofireImage";
			requirement = {
				kind = upToNextMajorVersion;
				minimumVersion = 4.0.0;
			};
		};
/* End XCRemoteSwiftPackageReference section */

/* Begin XCSwiftPackageProductDependency section */
		D69C5E9F28D5573300AB81E1 /* AlamofireImage */ = {
			isa = XCSwiftPackageProductDependency;
			package = D69C5E9E28D5573300AB81E1 /* XCRemoteSwiftPackageReference "AlamofireImage" */;
			productName = AlamofireImage;
		};
/* End XCSwiftPackageProductDependency section */
	};
	rootObject = D69C5E5F28D50F7E00AB81E1 /* Project object */;
}
