// !$*UTF8*$!
{
	archiveVersion = 1;
	classes = {
	};
	objectVersion = 55;
	objects = {

/* Begin PBXBuildFile section */
		15814F51ED9ED49242C3B6B4 /* Pods_flixster.framework in Frameworks */ = {isa = PBXBuildFile; fileRef = 9A25CC241408518B91BDCE30 /* Pods_flixster.framework */; };
		18EEB3410A39B522263A3FB0 /* Pods_flixster_flixsterUITests.framework in Frameworks */ = {isa = PBXBuildFile; fileRef = AB3B23901D1AD478596D1E7E /* Pods_flixster_flixsterUITests.framework */; };
		4A4677E6793D07C8FB2A3C6D /* Pods_flixsterTests.framework in Frameworks */ = {isa = PBXBuildFile; fileRef = 95953BFE47C73A0DB9892B06 /* Pods_flixsterTests.framework */; };
		D606B05E28DBE71000F1175D /* MovieGridViewController.swift in Sources */ = {isa = PBXBuildFile; fileRef = D606B05D28DBE71000F1175D /* MovieGridViewController.swift */; };
		D606B06028DBF03500F1175D /* MovieGridCell.swift in Sources */ = {isa = PBXBuildFile; fileRef = D606B05F28DBF03500F1175D /* MovieGridCell.swift */; };
		D69C5E6B28D50F7E00AB81E1 /* AppDelegate.swift in Sources */ = {isa = PBXBuildFile; fileRef = D69C5E6A28D50F7E00AB81E1 /* AppDelegate.swift */; };
		D69C5E6D28D50F7E00AB81E1 /* SceneDelegate.swift in Sources */ = {isa = PBXBuildFile; fileRef = D69C5E6C28D50F7E00AB81E1 /* SceneDelegate.swift */; };
		D69C5E6F28D50F7E00AB81E1 /* ViewController.swift in Sources */ = {isa = PBXBuildFile; fileRef = D69C5E6E28D50F7E00AB81E1 /* ViewController.swift */; };
		D69C5E7228D50F7E00AB81E1 /* Main.storyboard in Resources */ = {isa = PBXBuildFile; fileRef = D69C5E7028D50F7E00AB81E1 /* Main.storyboard */; };
		D69C5E7428D50F7F00AB81E1 /* Assets.xcassets in Resources */ = {isa = PBXBuildFile; fileRef = D69C5E7328D50F7F00AB81E1 /* Assets.xcassets */; };
		D69C5E7728D50F7F00AB81E1 /* LaunchScreen.storyboard in Resources */ = {isa = PBXBuildFile; fileRef = D69C5E7528D50F7F00AB81E1 /* LaunchScreen.storyboard */; };
		D69C5E8228D50F8000AB81E1 /* flixsterTests.swift in Sources */ = {isa = PBXBuildFile; fileRef = D69C5E8128D50F8000AB81E1 /* flixsterTests.swift */; };
		D69C5E8C28D50F8000AB81E1 /* flixsterUITests.swift in Sources */ = {isa = PBXBuildFile; fileRef = D69C5E8B28D50F8000AB81E1 /* flixsterUITests.swift */; };
		D69C5E8E28D50F8000AB81E1 /* flixsterUITestsLaunchTests.swift in Sources */ = {isa = PBXBuildFile; fileRef = D69C5E8D28D50F8000AB81E1 /* flixsterUITestsLaunchTests.swift */; };
		D69C5E9D28D54E2000AB81E1 /* MovieCell.swift in Sources */ = {isa = PBXBuildFile; fileRef = D69C5E9C28D54E2000AB81E1 /* MovieCell.swift */; };
		D69C5EA228D945BF00AB81E1 /* MovieDetailsViewController.swift in Sources */ = {isa = PBXBuildFile; fileRef = D69C5EA128D945BF00AB81E1 /* MovieDetailsViewController.swift */; };
		D69C5EA528DA426300AB81E1 /* AlamofireImage in Frameworks */ = {isa = PBXBuildFile; productRef = D69C5EA428DA426300AB81E1 /* AlamofireImage */; };
/* End PBXBuildFile section */

/* Begin PBXContainerItemProxy section */
		D69C5E7E28D50F8000AB81E1 /* PBXContainerItemProxy */ = {
			isa = PBXContainerItemProxy;
			containerPortal = D69C5E5F28D50F7E00AB81E1 /* Project object */;
			proxyType = 1;
			remoteGlobalIDString = D69C5E6628D50F7E00AB81E1;
			remoteInfo = flixster;
		};
		D69C5E8828D50F8000AB81E1 /* PBXContainerItemProxy */ = {
			isa = PBXContainerItemProxy;
			containerPortal = D69C5E5F28D50F7E00AB81E1 /* Project object */;
			proxyType = 1;
			remoteGlobalIDString = D69C5E6628D50F7E00AB81E1;
			remoteInfo = flixster;
		};
/* End PBXContainerItemProxy section */

/* Begin PBXFileReference section */
		0CC33E44B9FDC08D4D4CBB03 /* Pods-flixster.release.xcconfig */ = {isa = PBXFileReference; includeInIndex = 1; lastKnownFileType = text.xcconfig; name = "Pods-flixster.release.xcconfig"; path = "Target Support Files/Pods-flixster/Pods-flixster.release.xcconfig"; sourceTree = "<group>"; };
		4D5502F4EE03207957AF6736 /* Pods-flixster.debug.xcconfig */ = {isa = PBXFileReference; includeInIndex = 1; lastKnownFileType = text.xcconfig; name = "Pods-flixster.debug.xcconfig"; path = "Target Support Files/Pods-flixster/Pods-flixster.debug.xcconfig"; sourceTree = "<group>"; };
		564C0FEF78E5556DB77B82C1 /* Pods-flixster-flixsterUITests.release.xcconfig */ = {isa = PBXFileReference; includeInIndex = 1; lastKnownFileType = text.xcconfig; name = "Pods-flixster-flixsterUITests.release.xcconfig"; path = "Target Support Files/Pods-flixster-flixsterUITests/Pods-flixster-flixsterUITests.release.xcconfig"; sourceTree = "<group>"; };
		95953BFE47C73A0DB9892B06 /* Pods_flixsterTests.framework */ = {isa = PBXFileReference; explicitFileType = wrapper.framework; includeInIndex = 0; path = Pods_flixsterTests.framework; sourceTree = BUILT_PRODUCTS_DIR; };
		9A25CC241408518B91BDCE30 /* Pods_flixster.framework */ = {isa = PBXFileReference; explicitFileType = wrapper.framework; includeInIndex = 0; path = Pods_flixster.framework; sourceTree = BUILT_PRODUCTS_DIR; };
		AB3B23901D1AD478596D1E7E /* Pods_flixster_flixsterUITests.framework */ = {isa = PBXFileReference; explicitFileType = wrapper.framework; includeInIndex = 0; path = Pods_flixster_flixsterUITests.framework; sourceTree = BUILT_PRODUCTS_DIR; };
		D2A5FDF46738729AE8511C47 /* Pods-flixster-flixsterUITests.debug.xcconfig */ = {isa = PBXFileReference; includeInIndex = 1; lastKnownFileType = text.xcconfig; name = "Pods-flixster-flixsterUITests.debug.xcconfig"; path = "Target Support Files/Pods-flixster-flixsterUITests/Pods-flixster-flixsterUITests.debug.xcconfig"; sourceTree = "<group>"; };
		D606B05D28DBE71000F1175D /* MovieGridViewController.swift */ = {isa = PBXFileReference; lastKnownFileType = sourcecode.swift; path = MovieGridViewController.swift; sourceTree = "<group>"; };
		D606B05F28DBF03500F1175D /* MovieGridCell.swift */ = {isa = PBXFileReference; lastKnownFileType = sourcecode.swift; path = MovieGridCell.swift; sourceTree = "<group>"; };
		D69C5E6728D50F7E00AB81E1 /* flixster.app */ = {isa = PBXFileReference; explicitFileType = wrapper.application; includeInIndex = 0; path = flixster.app; sourceTree = BUILT_PRODUCTS_DIR; };
		D69C5E6A28D50F7E00AB81E1 /* AppDelegate.swift */ = {isa = PBXFileReference; lastKnownFileType = sourcecode.swift; path = AppDelegate.swift; sourceTree = "<group>"; };
		D69C5E6C28D50F7E00AB81E1 /* SceneDelegate.swift */ = {isa = PBXFileReference; lastKnownFileType = sourcecode.swift; path = SceneDelegate.swift; sourceTree = "<group>"; };
		D69C5E6E28D50F7E00AB81E1 /* ViewController.swift */ = {isa = PBXFileReference; lastKnownFileType = sourcecode.swift; path = ViewController.swift; sourceTree = "<group>"; };
		D69C5E7128D50F7E00AB81E1 /* Base */ = {isa = PBXFileReference; lastKnownFileType = file.storyboard; name = Base; path = Base.lproj/Main.storyboard; sourceTree = "<group>"; };
		D69C5E7328D50F7F00AB81E1 /* Assets.xcassets */ = {isa = PBXFileReference; lastKnownFileType = folder.assetcatalog; path = Assets.xcassets; sourceTree = "<group>"; };
		D69C5E7628D50F7F00AB81E1 /* Base */ = {isa = PBXFileReference; lastKnownFileType = file.storyboard; name = Base; path = Base.lproj/LaunchScreen.storyboard; sourceTree = "<group>"; };
		D69C5E7828D50F7F00AB81E1 /* Info.plist */ = {isa = PBXFileReference; lastKnownFileType = text.plist.xml; path = Info.plist; sourceTree = "<group>"; };
		D69C5E7D28D50F8000AB81E1 /* flixsterTests.xctest */ = {isa = PBXFileReference; explicitFileType = wrapper.cfbundle; includeInIndex = 0; path = flixsterTests.xctest; sourceTree = BUILT_PRODUCTS_DIR; };
		D69C5E8128D50F8000AB81E1 /* flixsterTests.swift */ = {isa = PBXFileReference; lastKnownFileType = sourcecode.swift; path = flixsterTests.swift; sourceTree = "<group>"; };
		D69C5E8728D50F8000AB81E1 /* flixsterUITests.xctest */ = {isa = PBXFileReference; explicitFileType = wrapper.cfbundle; includeInIndex = 0; path = flixsterUITests.xctest; sourceTree = BUILT_PRODUCTS_DIR; };
		D69C5E8B28D50F8000AB81E1 /* flixsterUITests.swift */ = {isa = PBXFileReference; lastKnownFileType = sourcecode.swift; path = flixsterUITests.swift; sourceTree = "<group>"; };
		D69C5E8D28D50F8000AB81E1 /* flixsterUITestsLaunchTests.swift */ = {isa = PBXFileReference; lastKnownFileType = sourcecode.swift; path = flixsterUITestsLaunchTests.swift; sourceTree = "<group>"; };
		D69C5E9C28D54E2000AB81E1 /* MovieCell.swift */ = {isa = PBXFileReference; lastKnownFileType = sourcecode.swift; path = MovieCell.swift; sourceTree = "<group>"; };
		D69C5EA128D945BF00AB81E1 /* MovieDetailsViewController.swift */ = {isa = PBXFileReference; lastKnownFileType = sourcecode.swift; path = MovieDetailsViewController.swift; sourceTree = "<group>"; };
		D83D1DDAEA05DC1072765C1B /* Pods-flixsterTests.debug.xcconfig */ = {isa = PBXFileReference; includeInIndex = 1; lastKnownFileType = text.xcconfig; name = "Pods-flixsterTests.debug.xcconfig"; path = "Target Support Files/Pods-flixsterTests/Pods-flixsterTests.debug.xcconfig"; sourceTree = "<group>"; };
		F3A40B3AAD751DE188AA116A /* Pods-flixsterTests.release.xcconfig */ = {isa = PBXFileReference; includeInIndex = 1; lastKnownFileType = text.xcconfig; name = "Pods-flixsterTests.release.xcconfig"; path = "Target Support Files/Pods-flixsterTests/Pods-flixsterTests.release.xcconfig"; sourceTree = "<group>"; };
/* End PBXFileReference section */

/* Begin PBXFrameworksBuildPhase section */
		D69C5E6428D50F7E00AB81E1 /* Frameworks */ = {
			isa = PBXFrameworksBuildPhase;
			buildActionMask = 2147483647;
			files = (
				D69C5EA528DA426300AB81E1 /* AlamofireImage in Frameworks */,
				15814F51ED9ED49242C3B6B4 /* Pods_flixster.framework in Frameworks */,
			);
			runOnlyForDeploymentPostprocessing = 0;
		};
		D69C5E7A28D50F8000AB81E1 /* Frameworks */ = {
			isa = PBXFrameworksBuildPhase;
			buildActionMask = 2147483647;
			files = (
				4A4677E6793D07C8FB2A3C6D /* Pods_flixsterTests.framework in Frameworks */,
			);
			runOnlyForDeploymentPostprocessing = 0;
		};
		D69C5E8428D50F8000AB81E1 /* Frameworks */ = {
			isa = PBXFrameworksBuildPhase;
			buildActionMask = 2147483647;
			files = (
				18EEB3410A39B522263A3FB0 /* Pods_flixster_flixsterUITests.framework in Frameworks */,
			);
			runOnlyForDeploymentPostprocessing = 0;
		};
/* End PBXFrameworksBuildPhase section */

/* Begin PBXGroup section */
		2CB20CD60688CC9577B0357E /* Pods */ = {
			isa = PBXGroup;
			children = (
				4D5502F4EE03207957AF6736 /* Pods-flixster.debug.xcconfig */,
				0CC33E44B9FDC08D4D4CBB03 /* Pods-flixster.release.xcconfig */,
				D2A5FDF46738729AE8511C47 /* Pods-flixster-flixsterUITests.debug.xcconfig */,
				564C0FEF78E5556DB77B82C1 /* Pods-flixster-flixsterUITests.release.xcconfig */,
				D83D1DDAEA05DC1072765C1B /* Pods-flixsterTests.debug.xcconfig */,
				F3A40B3AAD751DE188AA116A /* Pods-flixsterTests.release.xcconfig */,
			);
			path = Pods;
			sourceTree = "<group>";
		};
		D69C5E5E28D50F7E00AB81E1 = {
			isa = PBXGroup;
			children = (
				D69C5E6928D50F7E00AB81E1 /* flixster */,
				D69C5E8028D50F8000AB81E1 /* flixsterTests */,
				D69C5E8A28D50F8000AB81E1 /* flixsterUITests */,
				D69C5E6828D50F7E00AB81E1 /* Products */,
				2CB20CD60688CC9577B0357E /* Pods */,
				D8AA0B9D689C379BAA939E0F /* Frameworks */,
			);
			sourceTree = "<group>";
		};
		D69C5E6828D50F7E00AB81E1 /* Products */ = {
			isa = PBXGroup;
			children = (
				D69C5E6728D50F7E00AB81E1 /* flixster.app */,
				D69C5E7D28D50F8000AB81E1 /* flixsterTests.xctest */,
				D69C5E8728D50F8000AB81E1 /* flixsterUITests.xctest */,
			);
			name = Products;
			sourceTree = "<group>";
		};
		D69C5E6928D50F7E00AB81E1 /* flixster */ = {
			isa = PBXGroup;
			children = (
				D69C5E6A28D50F7E00AB81E1 /* AppDelegate.swift */,
				D69C5E6C28D50F7E00AB81E1 /* SceneDelegate.swift */,
				D69C5E6E28D50F7E00AB81E1 /* ViewController.swift */,
				D69C5E7028D50F7E00AB81E1 /* Main.storyboard */,
				D69C5E9C28D54E2000AB81E1 /* MovieCell.swift */,
				D69C5E7328D50F7F00AB81E1 /* Assets.xcassets */,
				D69C5E7528D50F7F00AB81E1 /* LaunchScreen.storyboard */,
				D69C5E7828D50F7F00AB81E1 /* Info.plist */,
				D69C5EA128D945BF00AB81E1 /* MovieDetailsViewController.swift */,
				D606B05D28DBE71000F1175D /* MovieGridViewController.swift */,
				D606B05F28DBF03500F1175D /* MovieGridCell.swift */,
			);
			path = flixster;
			sourceTree = "<group>";
		};
		D69C5E8028D50F8000AB81E1 /* flixsterTests */ = {
			isa = PBXGroup;
			children = (
				D69C5E8128D50F8000AB81E1 /* flixsterTests.swift */,
			);
			path = flixsterTests;
			sourceTree = "<group>";
		};
		D69C5E8A28D50F8000AB81E1 /* flixsterUITests */ = {
			isa = PBXGroup;
			children = (
				D69C5E8B28D50F8000AB81E1 /* flixsterUITests.swift */,
				D69C5E8D28D50F8000AB81E1 /* flixsterUITestsLaunchTests.swift */,
			);
			path = flixsterUITests;
			sourceTree = "<group>";
		};
		D8AA0B9D689C379BAA939E0F /* Frameworks */ = {
			isa = PBXGroup;
			children = (
				9A25CC241408518B91BDCE30 /* Pods_flixster.framework */,
				AB3B23901D1AD478596D1E7E /* Pods_flixster_flixsterUITests.framework */,
				95953BFE47C73A0DB9892B06 /* Pods_flixsterTests.framework */,
			);
			name = Frameworks;
			sourceTree = "<group>";
		};
/* End PBXGroup section */

/* Begin PBXNativeTarget section */
		D69C5E6628D50F7E00AB81E1 /* flixster */ = {
			isa = PBXNativeTarget;
			buildConfigurationList = D69C5E9128D50F8000AB81E1 /* Build configuration list for PBXNativeTarget "flixster" */;
			buildPhases = (
				DF3579524EC51379BE13EA34 /* [CP] Check Pods Manifest.lock */,
				D69C5E6328D50F7E00AB81E1 /* Sources */,
				D69C5E6428D50F7E00AB81E1 /* Frameworks */,
				D69C5E6528D50F7E00AB81E1 /* Resources */,
				15D894754A24E145BA030852 /* [CP] Embed Pods Frameworks */,
			);
			buildRules = (
			);
			dependencies = (
			);
			name = flixster;
			packageProductDependencies = (
				D69C5EA428DA426300AB81E1 /* AlamofireImage */,
			);
			productName = flixster;
			productReference = D69C5E6728D50F7E00AB81E1 /* flixster.app */;
			productType = "com.apple.product-type.application";
		};
		D69C5E7C28D50F8000AB81E1 /* flixsterTests */ = {
			isa = PBXNativeTarget;
			buildConfigurationList = D69C5E9428D50F8000AB81E1 /* Build configuration list for PBXNativeTarget "flixsterTests" */;
			buildPhases = (
				B9030594E42F7302E76F5735 /* [CP] Check Pods Manifest.lock */,
				D69C5E7928D50F8000AB81E1 /* Sources */,
				D69C5E7A28D50F8000AB81E1 /* Frameworks */,
				D69C5E7B28D50F8000AB81E1 /* Resources */,
			);
			buildRules = (
			);
			dependencies = (
				D69C5E7F28D50F8000AB81E1 /* PBXTargetDependency */,
			);
			name = flixsterTests;
			productName = flixsterTests;
			productReference = D69C5E7D28D50F8000AB81E1 /* flixsterTests.xctest */;
			productType = "com.apple.product-type.bundle.unit-test";
		};
		D69C5E8628D50F8000AB81E1 /* flixsterUITests */ = {
			isa = PBXNativeTarget;
			buildConfigurationList = D69C5E9728D50F8000AB81E1 /* Build configuration list for PBXNativeTarget "flixsterUITests" */;
			buildPhases = (
				7B4CCACD9E3B066A71820DCB /* [CP] Check Pods Manifest.lock */,
				D69C5E8328D50F8000AB81E1 /* Sources */,
				D69C5E8428D50F8000AB81E1 /* Frameworks */,
				D69C5E8528D50F8000AB81E1 /* Resources */,
				800937FBA2F99C8C102DE871 /* [CP] Embed Pods Frameworks */,
			);
			buildRules = (
			);
			dependencies = (
				D69C5E8928D50F8000AB81E1 /* PBXTargetDependency */,
			);
			name = flixsterUITests;
			productName = flixsterUITests;
			productReference = D69C5E8728D50F8000AB81E1 /* flixsterUITests.xctest */;
			productType = "com.apple.product-type.bundle.ui-testing";
		};
/* End PBXNativeTarget section */

/* Begin PBXProject section */
		D69C5E5F28D50F7E00AB81E1 /* Project object */ = {
			isa = PBXProject;
			attributes = {
				BuildIndependentTargetsInParallel = 1;
				LastSwiftUpdateCheck = 1340;
				LastUpgradeCheck = 1340;
				TargetAttributes = {
					D69C5E6628D50F7E00AB81E1 = {
						CreatedOnToolsVersion = 13.4;
					};
					D69C5E7C28D50F8000AB81E1 = {
						CreatedOnToolsVersion = 13.4;
						TestTargetID = D69C5E6628D50F7E00AB81E1;
					};
					D69C5E8628D50F8000AB81E1 = {
						CreatedOnToolsVersion = 13.4;
						TestTargetID = D69C5E6628D50F7E00AB81E1;
					};
				};
			};
			buildConfigurationList = D69C5E6228D50F7E00AB81E1 /* Build configuration list for PBXProject "flixster" */;
			compatibilityVersion = "Xcode 13.0";
			developmentRegion = en;
			hasScannedForEncodings = 0;
			knownRegions = (
				en,
				Base,
			);
			mainGroup = D69C5E5E28D50F7E00AB81E1;
			packageReferences = (
				D69C5EA328DA426300AB81E1 /* XCRemoteSwiftPackageReference "AlamofireImage" */,
			);
			productRefGroup = D69C5E6828D50F7E00AB81E1 /* Products */;
			projectDirPath = "";
			projectRoot = "";
			targets = (
				D69C5E6628D50F7E00AB81E1 /* flixster */,
				D69C5E7C28D50F8000AB81E1 /* flixsterTests */,
				D69C5E8628D50F8000AB81E1 /* flixsterUITests */,
			);
		};
/* End PBXProject section */

/* Begin PBXResourcesBuildPhase section */
		D69C5E6528D50F7E00AB81E1 /* Resources */ = {
			isa = PBXResourcesBuildPhase;
			buildActionMask = 2147483647;
			files = (
				D69C5E7728D50F7F00AB81E1 /* LaunchScreen.storyboard in Resources */,
				D69C5E7428D50F7F00AB81E1 /* Assets.xcassets in Resources */,
				D69C5E7228D50F7E00AB81E1 /* Main.storyboard in Resources */,
			);
			runOnlyForDeploymentPostprocessing = 0;
		};
		D69C5E7B28D50F8000AB81E1 /* Resources */ = {
			isa = PBXResourcesBuildPhase;
			buildActionMask = 2147483647;
			files = (
			);
			runOnlyForDeploymentPostprocessing = 0;
		};
		D69C5E8528D50F8000AB81E1 /* Resources */ = {
			isa = PBXResourcesBuildPhase;
			buildActionMask = 2147483647;
			files = (
			);
			runOnlyForDeploymentPostprocessing = 0;
		};
/* End PBXResourcesBuildPhase section */

/* Begin PBXShellScriptBuildPhase section */
		15D894754A24E145BA030852 /* [CP] Embed Pods Frameworks */ = {
			isa = PBXShellScriptBuildPhase;
			buildActionMask = 2147483647;
			files = (
			);
			inputFileListPaths = (
				"${PODS_ROOT}/Target Support Files/Pods-flixster/Pods-flixster-frameworks-${CONFIGURATION}-input-files.xcfilelist",
			);
			name = "[CP] Embed Pods Frameworks";
			outputFileListPaths = (
				"${PODS_ROOT}/Target Support Files/Pods-flixster/Pods-flixster-frameworks-${CONFIGURATION}-output-files.xcfilelist",
			);
			runOnlyForDeploymentPostprocessing = 0;
			shellPath = /bin/sh;
			shellScript = "\"${PODS_ROOT}/Target Support Files/Pods-flixster/Pods-flixster-frameworks.sh\"\n";
			showEnvVarsInLog = 0;
		};
		7B4CCACD9E3B066A71820DCB /* [CP] Check Pods Manifest.lock */ = {
			isa = PBXShellScriptBuildPhase;
			buildActionMask = 2147483647;
			files = (
			);
			inputFileListPaths = (
			);
			inputPaths = (
				"${PODS_PODFILE_DIR_PATH}/Podfile.lock",
				"${PODS_ROOT}/Manifest.lock",
			);
			name = "[CP] Check Pods Manifest.lock";
			outputFileListPaths = (
			);
			outputPaths = (
				"$(DERIVED_FILE_DIR)/Pods-flixster-flixsterUITests-checkManifestLockResult.txt",
			);
			runOnlyForDeploymentPostprocessing = 0;
			shellPath = /bin/sh;
			shellScript = "diff \"${PODS_PODFILE_DIR_PATH}/Podfile.lock\" \"${PODS_ROOT}/Manifest.lock\" > /dev/null\nif [ $? != 0 ] ; then\n    # print error to STDERR\n    echo \"error: The sandbox is not in sync with the Podfile.lock. Run 'pod install' or update your CocoaPods installation.\" >&2\n    exit 1\nfi\n# This output is used by Xcode 'outputs' to avoid re-running this script phase.\necho \"SUCCESS\" > \"${SCRIPT_OUTPUT_FILE_0}\"\n";
			showEnvVarsInLog = 0;
		};
		800937FBA2F99C8C102DE871 /* [CP] Embed Pods Frameworks */ = {
			isa = PBXShellScriptBuildPhase;
			buildActionMask = 2147483647;
			files = (
			);
			inputFileListPaths = (
				"${PODS_ROOT}/Target Support Files/Pods-flixster-flixsterUITests/Pods-flixster-flixsterUITests-frameworks-${CONFIGURATION}-input-files.xcfilelist",
			);
			name = "[CP] Embed Pods Frameworks";
			outputFileListPaths = (
				"${PODS_ROOT}/Target Support Files/Pods-flixster-flixsterUITests/Pods-flixster-flixsterUITests-frameworks-${CONFIGURATION}-output-files.xcfilelist",
			);
			runOnlyForDeploymentPostprocessing = 0;
			shellPath = /bin/sh;
			shellScript = "\"${PODS_ROOT}/Target Support Files/Pods-flixster-flixsterUITests/Pods-flixster-flixsterUITests-frameworks.sh\"\n";
			showEnvVarsInLog = 0;
		};
		B9030594E42F7302E76F5735 /* [CP] Check Pods Manifest.lock */ = {
			isa = PBXShellScriptBuildPhase;
			buildActionMask = 2147483647;
			files = (
			);
			inputFileListPaths = (
			);
			inputPaths = (
				"${PODS_PODFILE_DIR_PATH}/Podfile.lock",
				"${PODS_ROOT}/Manifest.lock",
			);
			name = "[CP] Check Pods Manifest.lock";
			outputFileListPaths = (
			);
			outputPaths = (
				"$(DERIVED_FILE_DIR)/Pods-flixsterTests-checkManifestLockResult.txt",
			);
			runOnlyForDeploymentPostprocessing = 0;
			shellPath = /bin/sh;
			shellScript = "diff \"${PODS_PODFILE_DIR_PATH}/Podfile.lock\" \"${PODS_ROOT}/Manifest.lock\" > /dev/null\nif [ $? != 0 ] ; then\n    # print error to STDERR\n    echo \"error: The sandbox is not in sync with the Podfile.lock. Run 'pod install' or update your CocoaPods installation.\" >&2\n    exit 1\nfi\n# This output is used by Xcode 'outputs' to avoid re-running this script phase.\necho \"SUCCESS\" > \"${SCRIPT_OUTPUT_FILE_0}\"\n";
			showEnvVarsInLog = 0;
		};
		DF3579524EC51379BE13EA34 /* [CP] Check Pods Manifest.lock */ = {
			isa = PBXShellScriptBuildPhase;
			buildActionMask = 2147483647;
			files = (
			);
			inputFileListPaths = (
			);
			inputPaths = (
				"${PODS_PODFILE_DIR_PATH}/Podfile.lock",
				"${PODS_ROOT}/Manifest.lock",
			);
			name = "[CP] Check Pods Manifest.lock";
			outputFileListPaths = (
			);
			outputPaths = (
				"$(DERIVED_FILE_DIR)/Pods-flixster-checkManifestLockResult.txt",
			);
			runOnlyForDeploymentPostprocessing = 0;
			shellPath = /bin/sh;
			shellScript = "diff \"${PODS_PODFILE_DIR_PATH}/Podfile.lock\" \"${PODS_ROOT}/Manifest.lock\" > /dev/null\nif [ $? != 0 ] ; then\n    # print error to STDERR\n    echo \"error: The sandbox is not in sync with the Podfile.lock. Run 'pod install' or update your CocoaPods installation.\" >&2\n    exit 1\nfi\n# This output is used by Xcode 'outputs' to avoid re-running this script phase.\necho \"SUCCESS\" > \"${SCRIPT_OUTPUT_FILE_0}\"\n";
			showEnvVarsInLog = 0;
		};
/* End PBXShellScriptBuildPhase section */

/* Begin PBXSourcesBuildPhase section */
		D69C5E6328D50F7E00AB81E1 /* Sources */ = {
			isa = PBXSourcesBuildPhase;
			buildActionMask = 2147483647;
			files = (
				D69C5EA228D945BF00AB81E1 /* MovieDetailsViewController.swift in Sources */,
				D69C5E6F28D50F7E00AB81E1 /* ViewController.swift in Sources */,
				D69C5E6B28D50F7E00AB81E1 /* AppDelegate.swift in Sources */,
				D69C5E9D28D54E2000AB81E1 /* MovieCell.swift in Sources */,
				D69C5E6D28D50F7E00AB81E1 /* SceneDelegate.swift in Sources */,
				D606B05E28DBE71000F1175D /* MovieGridViewController.swift in Sources */,
				D606B06028DBF03500F1175D /* MovieGridCell.swift in Sources */,
			);
			runOnlyForDeploymentPostprocessing = 0;
		};
		D69C5E7928D50F8000AB81E1 /* Sources */ = {
			isa = PBXSourcesBuildPhase;
			buildActionMask = 2147483647;
			files = (
				D69C5E8228D50F8000AB81E1 /* flixsterTests.swift in Sources */,
			);
			runOnlyForDeploymentPostprocessing = 0;
		};
		D69C5E8328D50F8000AB81E1 /* Sources */ = {
			isa = PBXSourcesBuildPhase;
			buildActionMask = 2147483647;
			files = (
				D69C5E8E28D50F8000AB81E1 /* flixsterUITestsLaunchTests.swift in Sources */,
				D69C5E8C28D50F8000AB81E1 /* flixsterUITests.swift in Sources */,
			);
			runOnlyForDeploymentPostprocessing = 0;
		};
/* End PBXSourcesBuildPhase section */

/* Begin PBXTargetDependency section */
		D69C5E7F28D50F8000AB81E1 /* PBXTargetDependency */ = {
			isa = PBXTargetDependency;
			target = D69C5E6628D50F7E00AB81E1 /* flixster */;
			targetProxy = D69C5E7E28D50F8000AB81E1 /* PBXContainerItemProxy */;
		};
		D69C5E8928D50F8000AB81E1 /* PBXTargetDependency */ = {
			isa = PBXTargetDependency;
			target = D69C5E6628D50F7E00AB81E1 /* flixster */;
			targetProxy = D69C5E8828D50F8000AB81E1 /* PBXContainerItemProxy */;
		};
/* End PBXTargetDependency section */

/* Begin PBXVariantGroup section */
		D69C5E7028D50F7E00AB81E1 /* Main.storyboard */ = {
			isa = PBXVariantGroup;
			children = (
				D69C5E7128D50F7E00AB81E1 /* Base */,
			);
			name = Main.storyboard;
			sourceTree = "<group>";
		};
		D69C5E7528D50F7F00AB81E1 /* LaunchScreen.storyboard */ = {
			isa = PBXVariantGroup;
			children = (
				D69C5E7628D50F7F00AB81E1 /* Base */,
			);
			name = LaunchScreen.storyboard;
			sourceTree = "<group>";
		};
/* End PBXVariantGroup section */

/* Begin XCBuildConfiguration section */
		D69C5E8F28D50F8000AB81E1 /* Debug */ = {
			isa = XCBuildConfiguration;
			buildSettings = {
				ALWAYS_SEARCH_USER_PATHS = NO;
				CLANG_ANALYZER_NONNULL = YES;
				CLANG_ANALYZER_NUMBER_OBJECT_CONVERSION = YES_AGGRESSIVE;
				CLANG_CXX_LANGUAGE_STANDARD = "gnu++17";
				CLANG_ENABLE_MODULES = YES;
				CLANG_ENABLE_OBJC_ARC = YES;
				CLANG_ENABLE_OBJC_WEAK = YES;
				CLANG_WARN_BLOCK_CAPTURE_AUTORELEASING = YES;
				CLANG_WARN_BOOL_CONVERSION = YES;
				CLANG_WARN_COMMA = YES;
				CLANG_WARN_CONSTANT_CONVERSION = YES;
				CLANG_WARN_DEPRECATED_OBJC_IMPLEMENTATIONS = YES;
				CLANG_WARN_DIRECT_OBJC_ISA_USAGE = YES_ERROR;
				CLANG_WARN_DOCUMENTATION_COMMENTS = YES;
				CLANG_WARN_EMPTY_BODY = YES;
				CLANG_WARN_ENUM_CONVERSION = YES;
				CLANG_WARN_INFINITE_RECURSION = YES;
				CLANG_WARN_INT_CONVERSION = YES;
				CLANG_WARN_NON_LITERAL_NULL_CONVERSION = YES;
				CLANG_WARN_OBJC_IMPLICIT_RETAIN_SELF = YES;
				CLANG_WARN_OBJC_LITERAL_CONVERSION = YES;
				CLANG_WARN_OBJC_ROOT_CLASS = YES_ERROR;
				CLANG_WARN_QUOTED_INCLUDE_IN_FRAMEWORK_HEADER = YES;
				CLANG_WARN_RANGE_LOOP_ANALYSIS = YES;
				CLANG_WARN_STRICT_PROTOTYPES = YES;
				CLANG_WARN_SUSPICIOUS_MOVE = YES;
				CLANG_WARN_UNGUARDED_AVAILABILITY = YES_AGGRESSIVE;
				CLANG_WARN_UNREACHABLE_CODE = YES;
				CLANG_WARN__DUPLICATE_METHOD_MATCH = YES;
				COPY_PHASE_STRIP = NO;
				DEBUG_INFORMATION_FORMAT = dwarf;
				ENABLE_STRICT_OBJC_MSGSEND = YES;
				ENABLE_TESTABILITY = YES;
				GCC_C_LANGUAGE_STANDARD = gnu11;
				GCC_DYNAMIC_NO_PIC = NO;
				GCC_NO_COMMON_BLOCKS = YES;
				GCC_OPTIMIZATION_LEVEL = 0;
				GCC_PREPROCESSOR_DEFINITIONS = (
					"DEBUG=1",
					"$(inherited)",
				);
				GCC_WARN_64_TO_32_BIT_CONVERSION = YES;
				GCC_WARN_ABOUT_RETURN_TYPE = YES_ERROR;
				GCC_WARN_UNDECLARED_SELECTOR = YES;
				GCC_WARN_UNINITIALIZED_AUTOS = YES_AGGRESSIVE;
				GCC_WARN_UNUSED_FUNCTION = YES;
				GCC_WARN_UNUSED_VARIABLE = YES;
				IPHONEOS_DEPLOYMENT_TARGET = 15.5;
				MTL_ENABLE_DEBUG_INFO = INCLUDE_SOURCE;
				MTL_FAST_MATH = YES;
				ONLY_ACTIVE_ARCH = YES;
				SDKROOT = iphoneos;
				SWIFT_ACTIVE_COMPILATION_CONDITIONS = DEBUG;
				SWIFT_OPTIMIZATION_LEVEL = "-Onone";
			};
			name = Debug;
		};
		D69C5E9028D50F8000AB81E1 /* Release */ = {
			isa = XCBuildConfiguration;
			buildSettings = {
				ALWAYS_SEARCH_USER_PATHS = NO;
				CLANG_ANALYZER_NONNULL = YES;
				CLANG_ANALYZER_NUMBER_OBJECT_CONVERSION = YES_AGGRESSIVE;
				CLANG_CXX_LANGUAGE_STANDARD = "gnu++17";
				CLANG_ENABLE_MODULES = YES;
				CLANG_ENABLE_OBJC_ARC = YES;
				CLANG_ENABLE_OBJC_WEAK = YES;
				CLANG_WARN_BLOCK_CAPTURE_AUTORELEASING = YES;
				CLANG_WARN_BOOL_CONVERSION = YES;
				CLANG_WARN_COMMA = YES;
				CLANG_WARN_CONSTANT_CONVERSION = YES;
				CLANG_WARN_DEPRECATED_OBJC_IMPLEMENTATIONS = YES;
				CLANG_WARN_DIRECT_OBJC_ISA_USAGE = YES_ERROR;
				CLANG_WARN_DOCUMENTATION_COMMENTS = YES;
				CLANG_WARN_EMPTY_BODY = YES;
				CLANG_WARN_ENUM_CONVERSION = YES;
				CLANG_WARN_INFINITE_RECURSION = YES;
				CLANG_WARN_INT_CONVERSION = YES;
				CLANG_WARN_NON_LITERAL_NULL_CONVERSION = YES;
				CLANG_WARN_OBJC_IMPLICIT_RETAIN_SELF = YES;
				CLANG_WARN_OBJC_LITERAL_CONVERSION = YES;
				CLANG_WARN_OBJC_ROOT_CLASS = YES_ERROR;
				CLANG_WARN_QUOTED_INCLUDE_IN_FRAMEWORK_HEADER = YES;
				CLANG_WARN_RANGE_LOOP_ANALYSIS = YES;
				CLANG_WARN_STRICT_PROTOTYPES = YES;
				CLANG_WARN_SUSPICIOUS_MOVE = YES;
				CLANG_WARN_UNGUARDED_AVAILABILITY = YES_AGGRESSIVE;
				CLANG_WARN_UNREACHABLE_CODE = YES;
				CLANG_WARN__DUPLICATE_METHOD_MATCH = YES;
				COPY_PHASE_STRIP = NO;
				DEBUG_INFORMATION_FORMAT = "dwarf-with-dsym";
				ENABLE_NS_ASSERTIONS = NO;
				ENABLE_STRICT_OBJC_MSGSEND = YES;
				GCC_C_LANGUAGE_STANDARD = gnu11;
				GCC_NO_COMMON_BLOCKS = YES;
				GCC_WARN_64_TO_32_BIT_CONVERSION = YES;
				GCC_WARN_ABOUT_RETURN_TYPE = YES_ERROR;
				GCC_WARN_UNDECLARED_SELECTOR = YES;
				GCC_WARN_UNINITIALIZED_AUTOS = YES_AGGRESSIVE;
				GCC_WARN_UNUSED_FUNCTION = YES;
				GCC_WARN_UNUSED_VARIABLE = YES;
				IPHONEOS_DEPLOYMENT_TARGET = 15.5;
				MTL_ENABLE_DEBUG_INFO = NO;
				MTL_FAST_MATH = YES;
				SDKROOT = iphoneos;
				SWIFT_COMPILATION_MODE = wholemodule;
				SWIFT_OPTIMIZATION_LEVEL = "-O";
				VALIDATE_PRODUCT = YES;
			};
			name = Release;
		};
		D69C5E9228D50F8000AB81E1 /* Debug */ = {
			isa = XCBuildConfiguration;
			baseConfigurationReference = 4D5502F4EE03207957AF6736 /* Pods-flixster.debug.xcconfig */;
			buildSettings = {
				ASSETCATALOG_COMPILER_APPICON_NAME = AppIcon;
				ASSETCATALOG_COMPILER_GLOBAL_ACCENT_COLOR_NAME = AccentColor;
				CODE_SIGN_STYLE = Automatic;
				CURRENT_PROJECT_VERSION = 1;
				DEVELOPMENT_TEAM = W6H9D5YLP7;
				GENERATE_INFOPLIST_FILE = YES;
				INFOPLIST_FILE = flixster/Info.plist;
				INFOPLIST_KEY_UIApplicationSupportsIndirectInputEvents = YES;
				INFOPLIST_KEY_UILaunchStoryboardName = LaunchScreen;
				INFOPLIST_KEY_UIMainStoryboardFile = Main;
				INFOPLIST_KEY_UISupportedInterfaceOrientations_iPad = "UIInterfaceOrientationPortrait UIInterfaceOrientationPortraitUpsideDown UIInterfaceOrientationLandscapeLeft UIInterfaceOrientationLandscapeRight";
				INFOPLIST_KEY_UISupportedInterfaceOrientations_iPhone = "UIInterfaceOrientationPortrait UIInterfaceOrientationLandscapeLeft UIInterfaceOrientationLandscapeRight";
				LD_RUNPATH_SEARCH_PATHS = (
					"$(inherited)",
					"@executable_path/Frameworks",
				);
				MARKETING_VERSION = 1.0;
				PRODUCT_BUNDLE_IDENTIFIER = com.Deaz.flixster;
				PRODUCT_NAME = "$(TARGET_NAME)";
				SWIFT_EMIT_LOC_STRINGS = YES;
				SWIFT_VERSION = 5.0;
				TARGETED_DEVICE_FAMILY = "1,2";
			};
			name = Debug;
		};
		D69C5E9328D50F8000AB81E1 /* Release */ = {
			isa = XCBuildConfiguration;
			baseConfigurationReference = 0CC33E44B9FDC08D4D4CBB03 /* Pods-flixster.release.xcconfig */;
			buildSettings = {
				ASSETCATALOG_COMPILER_APPICON_NAME = AppIcon;
				ASSETCATALOG_COMPILER_GLOBAL_ACCENT_COLOR_NAME = AccentColor;
				CODE_SIGN_STYLE = Automatic;
				CURRENT_PROJECT_VERSION = 1;
				DEVELOPMENT_TEAM = W6H9D5YLP7;
				GENERATE_INFOPLIST_FILE = YES;
				INFOPLIST_FILE = flixster/Info.plist;
				INFOPLIST_KEY_UIApplicationSupportsIndirectInputEvents = YES;
				INFOPLIST_KEY_UILaunchStoryboardName = LaunchScreen;
				INFOPLIST_KEY_UIMainStoryboardFile = Main;
				INFOPLIST_KEY_UISupportedInterfaceOrientations_iPad = "UIInterfaceOrientationPortrait UIInterfaceOrientationPortraitUpsideDown UIInterfaceOrientationLandscapeLeft UIInterfaceOrientationLandscapeRight";
				INFOPLIST_KEY_UISupportedInterfaceOrientations_iPhone = "UIInterfaceOrientationPortrait UIInterfaceOrientationLandscapeLeft UIInterfaceOrientationLandscapeRight";
				LD_RUNPATH_SEARCH_PATHS = (
					"$(inherited)",
					"@executable_path/Frameworks",
				);
				MARKETING_VERSION = 1.0;
				PRODUCT_BUNDLE_IDENTIFIER = com.Deaz.flixster;
				PRODUCT_NAME = "$(TARGET_NAME)";
				SWIFT_EMIT_LOC_STRINGS = YES;
				SWIFT_VERSION = 5.0;
				TARGETED_DEVICE_FAMILY = "1,2";
			};
			name = Release;
		};
		D69C5E9528D50F8000AB81E1 /* Debug */ = {
			isa = XCBuildConfiguration;
			baseConfigurationReference = D83D1DDAEA05DC1072765C1B /* Pods-flixsterTests.debug.xcconfig */;
			buildSettings = {
				ALWAYS_EMBED_SWIFT_STANDARD_LIBRARIES = YES;
				BUNDLE_LOADER = "$(TEST_HOST)";
				CODE_SIGN_STYLE = Automatic;
				CURRENT_PROJECT_VERSION = 1;
				DEVELOPMENT_TEAM = W6H9D5YLP7;
				GENERATE_INFOPLIST_FILE = YES;
				IPHONEOS_DEPLOYMENT_TARGET = 15.5;
				MARKETING_VERSION = 1.0;
				PRODUCT_BUNDLE_IDENTIFIER = com.Deaz.flixsterTests;
				PRODUCT_NAME = "$(TARGET_NAME)";
				SWIFT_EMIT_LOC_STRINGS = NO;
				SWIFT_VERSION = 5.0;
				TARGETED_DEVICE_FAMILY = "1,2";
				TEST_HOST = "$(BUILT_PRODUCTS_DIR)/flixster.app/flixster";
			};
			name = Debug;
		};
		D69C5E9628D50F8000AB81E1 /* Release */ = {
			isa = XCBuildConfiguration;
			baseConfigurationReference = F3A40B3AAD751DE188AA116A /* Pods-flixsterTests.release.xcconfig */;
			buildSettings = {
				ALWAYS_EMBED_SWIFT_STANDARD_LIBRARIES = YES;
				BUNDLE_LOADER = "$(TEST_HOST)";
				CODE_SIGN_STYLE = Automatic;
				CURRENT_PROJECT_VERSION = 1;
				DEVELOPMENT_TEAM = W6H9D5YLP7;
				GENERATE_INFOPLIST_FILE = YES;
				IPHONEOS_DEPLOYMENT_TARGET = 15.5;
				MARKETING_VERSION = 1.0;
				PRODUCT_BUNDLE_IDENTIFIER = com.Deaz.flixsterTests;
				PRODUCT_NAME = "$(TARGET_NAME)";
				SWIFT_EMIT_LOC_STRINGS = NO;
				SWIFT_VERSION = 5.0;
				TARGETED_DEVICE_FAMILY = "1,2";
				TEST_HOST = "$(BUILT_PRODUCTS_DIR)/flixster.app/flixster";
			};
			name = Release;
		};
		D69C5E9828D50F8000AB81E1 /* Debug */ = {
			isa = XCBuildConfiguration;
			baseConfigurationReference = D2A5FDF46738729AE8511C47 /* Pods-flixster-flixsterUITests.debug.xcconfig */;
			buildSettings = {
				ALWAYS_EMBED_SWIFT_STANDARD_LIBRARIES = YES;
				CODE_SIGN_STYLE = Automatic;
				CURRENT_PROJECT_VERSION = 1;
				DEVELOPMENT_TEAM = W6H9D5YLP7;
				GENERATE_INFOPLIST_FILE = YES;
				MARKETING_VERSION = 1.0;
				PRODUCT_BUNDLE_IDENTIFIER = com.Deaz.flixsterUITests;
				PRODUCT_NAME = "$(TARGET_NAME)";
				SWIFT_EMIT_LOC_STRINGS = NO;
				SWIFT_VERSION = 5.0;
				TARGETED_DEVICE_FAMILY = "1,2";
				TEST_TARGET_NAME = flixster;
			};
			name = Debug;
		};
		D69C5E9928D50F8000AB81E1 /* Release */ = {
			isa = XCBuildConfiguration;
			baseConfigurationReference = 564C0FEF78E5556DB77B82C1 /* Pods-flixster-flixsterUITests.release.xcconfig */;
			buildSettings = {
				ALWAYS_EMBED_SWIFT_STANDARD_LIBRARIES = YES;
				CODE_SIGN_STYLE = Automatic;
				CURRENT_PROJECT_VERSION = 1;
				DEVELOPMENT_TEAM = W6H9D5YLP7;
				GENERATE_INFOPLIST_FILE = YES;
				MARKETING_VERSION = 1.0;
				PRODUCT_BUNDLE_IDENTIFIER = com.Deaz.flixsterUITests;
				PRODUCT_NAME = "$(TARGET_NAME)";
				SWIFT_EMIT_LOC_STRINGS = NO;
				SWIFT_VERSION = 5.0;
				TARGETED_DEVICE_FAMILY = "1,2";
				TEST_TARGET_NAME = flixster;
			};
			name = Release;
		};
/* End XCBuildConfiguration section */

/* Begin XCConfigurationList section */
		D69C5E6228D50F7E00AB81E1 /* Build configuration list for PBXProject "flixster" */ = {
			isa = XCConfigurationList;
			buildConfigurations = (
				D69C5E8F28D50F8000AB81E1 /* Debug */,
				D69C5E9028D50F8000AB81E1 /* Release */,
			);
			defaultConfigurationIsVisible = 0;
			defaultConfigurationName = Release;
		};
		D69C5E9128D50F8000AB81E1 /* Build configuration list for PBXNativeTarget "flixster" */ = {
			isa = XCConfigurationList;
			buildConfigurations = (
				D69C5E9228D50F8000AB81E1 /* Debug */,
				D69C5E9328D50F8000AB81E1 /* Release */,
			);
			defaultConfigurationIsVisible = 0;
			defaultConfigurationName = Release;
		};
		D69C5E9428D50F8000AB81E1 /* Build configuration list for PBXNativeTarget "flixsterTests" */ = {
			isa = XCConfigurationList;
			buildConfigurations = (
				D69C5E9528D50F8000AB81E1 /* Debug */,
				D69C5E9628D50F8000AB81E1 /* Release */,
			);
			defaultConfigurationIsVisible = 0;
			defaultConfigurationName = Release;
		};
		D69C5E9728D50F8000AB81E1 /* Build configuration list for PBXNativeTarget "flixsterUITests" */ = {
			isa = XCConfigurationList;
			buildConfigurations = (
				D69C5E9828D50F8000AB81E1 /* Debug */,
				D69C5E9928D50F8000AB81E1 /* Release */,
			);
			defaultConfigurationIsVisible = 0;
			defaultConfigurationName = Release;
		};
/* End XCConfigurationList section */

/* Begin XCRemoteSwiftPackageReference section */
		D69C5EA328DA426300AB81E1 /* XCRemoteSwiftPackageReference "AlamofireImage" */ = {
			isa = XCRemoteSwiftPackageReference;
			repositoryURL = "https://github.com/Alamofire/AlamofireImage";
			requirement = {
				branch = master;
				kind = branch;
			};
		};
/* End XCRemoteSwiftPackageReference section */

/* Begin XCSwiftPackageProductDependency section */
		D69C5EA428DA426300AB81E1 /* AlamofireImage */ = {
			isa = XCSwiftPackageProductDependency;
			package = D69C5EA328DA426300AB81E1 /* XCRemoteSwiftPackageReference "AlamofireImage" */;
			productName = AlamofireImage;
		};
/* End XCSwiftPackageProductDependency section */
	};
	rootObject = D69C5E5F28D50F7E00AB81E1 /* Project object */;
}
